PODS:
  - Alamofire (4.9.1)
  - MBProgressHUD (1.2.0)

DEPENDENCIES:
  - Alamofire (~> 4.9)
  - MBProgressHUD (~> 1.2.0)

SPEC REPOS:
  trunk:
    - Alamofire
    - MBProgressHUD

SPEC CHECKSUMS:
  Alamofire: 85e8a02c69d6020a0d734f6054870d7ecb75cf18
  MBProgressHUD: 3ee5efcc380f6a79a7cc9b363dd669c5e1ae7406

PODFILE CHECKSUM: 7eb58da5a2e40a3915f3ec57954b53e619fc196e

COCOAPODS: 1.8.4
