// !$*UTF8*$!
{
	archiveVersion = 1;
	classes = {
	};
	objectVersion = 51;
	objects = {

/* Begin PBXBuildFile section */
		5A71E01BBC41E6508A38935F /* Pods_CitiesWeather.framework in Frameworks */ = {isa = PBXBuildFile; fileRef = 3C8F2462D52B8EFC70283954 /* Pods_CitiesWeather.framework */; };
		A310485023EA228500BC045D /* AppDelegate.swift in Sources */ = {isa = PBXBuildFile; fileRef = A310484F23EA228500BC045D /* AppDelegate.swift */; };
		A310485223EA228500BC045D /* SceneDelegate.swift in Sources */ = {isa = PBXBuildFile; fileRef = A310485123EA228500BC045D /* SceneDelegate.swift */; };
		A310485723EA228500BC045D /* Main.storyboard in Resources */ = {isa = PBXBuildFile; fileRef = A310485523EA228500BC045D /* Main.storyboard */; };
		A310485923EA228900BC045D /* Assets.xcassets in Resources */ = {isa = PBXBuildFile; fileRef = A310485823EA228900BC045D /* Assets.xcassets */; };
		A310485C23EA228900BC045D /* LaunchScreen.storyboard in Resources */ = {isa = PBXBuildFile; fileRef = A310485A23EA228900BC045D /* LaunchScreen.storyboard */; };
		A310486523EA320300BC045D /* MainViewController.swift in Sources */ = {isa = PBXBuildFile; fileRef = A310486423EA320300BC045D /* MainViewController.swift */; };
		A310486823EA379500BC045D /* Weather.swift in Sources */ = {isa = PBXBuildFile; fileRef = A310486723EA379500BC045D /* Weather.swift */; };
		A310486A23EA37C100BC045D /* MainWeatherStats.swift in Sources */ = {isa = PBXBuildFile; fileRef = A310486923EA37C100BC045D /* MainWeatherStats.swift */; };
		A310486D23EA39B100BC045D /* APIManager.swift in Sources */ = {isa = PBXBuildFile; fileRef = A310486C23EA39B100BC045D /* APIManager.swift */; };
		A310486F23EA3A2600BC045D /* WeatherAPI.swift in Sources */ = {isa = PBXBuildFile; fileRef = A310486E23EA3A2600BC045D /* WeatherAPI.swift */; };
		A310487123EA436A00BC045D /* MapMarker.swift in Sources */ = {isa = PBXBuildFile; fileRef = A310487023EA436A00BC045D /* MapMarker.swift */; };
		A310487423EA5A1A00BC045D /* MyExtensions.swift in Sources */ = {isa = PBXBuildFile; fileRef = A310487323EA5A1A00BC045D /* MyExtensions.swift */; };
		A310487623EA66E000BC045D /* City.swift in Sources */ = {isa = PBXBuildFile; fileRef = A310487523EA66E000BC045D /* City.swift */; };
/* End PBXBuildFile section */

/* Begin PBXFileReference section */
		3C8F2462D52B8EFC70283954 /* Pods_CitiesWeather.framework */ = {isa = PBXFileReference; explicitFileType = wrapper.framework; includeInIndex = 0; path = Pods_CitiesWeather.framework; sourceTree = BUILT_PRODUCTS_DIR; };
		75310621EE30431C54B4877B /* Pods-CitiesWeather.debug.xcconfig */ = {isa = PBXFileReference; includeInIndex = 1; lastKnownFileType = text.xcconfig; name = "Pods-CitiesWeather.debug.xcconfig"; path = "Target Support Files/Pods-CitiesWeather/Pods-CitiesWeather.debug.xcconfig"; sourceTree = "<group>"; };
		927FDE172CAEF2D30C4257A9 /* Pods-CitiesWeather.release.xcconfig */ = {isa = PBXFileReference; includeInIndex = 1; lastKnownFileType = text.xcconfig; name = "Pods-CitiesWeather.release.xcconfig"; path = "Target Support Files/Pods-CitiesWeather/Pods-CitiesWeather.release.xcconfig"; sourceTree = "<group>"; };
		A310484C23EA228500BC045D /* CitiesWeather.app */ = {isa = PBXFileReference; explicitFileType = wrapper.application; includeInIndex = 0; path = CitiesWeather.app; sourceTree = BUILT_PRODUCTS_DIR; };
		A310484F23EA228500BC045D /* AppDelegate.swift */ = {isa = PBXFileReference; lastKnownFileType = sourcecode.swift; path = AppDelegate.swift; sourceTree = "<group>"; };
		A310485123EA228500BC045D /* SceneDelegate.swift */ = {isa = PBXFileReference; lastKnownFileType = sourcecode.swift; path = SceneDelegate.swift; sourceTree = "<group>"; };
		A310485623EA228500BC045D /* Base */ = {isa = PBXFileReference; lastKnownFileType = file.storyboard; name = Base; path = Base.lproj/Main.storyboard; sourceTree = "<group>"; };
		A310485823EA228900BC045D /* Assets.xcassets */ = {isa = PBXFileReference; lastKnownFileType = folder.assetcatalog; path = Assets.xcassets; sourceTree = "<group>"; };
		A310485B23EA228900BC045D /* Base */ = {isa = PBXFileReference; lastKnownFileType = file.storyboard; name = Base; path = Base.lproj/LaunchScreen.storyboard; sourceTree = "<group>"; };
		A310485D23EA228900BC045D /* Info.plist */ = {isa = PBXFileReference; lastKnownFileType = text.plist.xml; path = Info.plist; sourceTree = "<group>"; };
		A310486423EA320300BC045D /* MainViewController.swift */ = {isa = PBXFileReference; lastKnownFileType = sourcecode.swift; path = MainViewController.swift; sourceTree = "<group>"; };
		A310486723EA379500BC045D /* Weather.swift */ = {isa = PBXFileReference; lastKnownFileType = sourcecode.swift; path = Weather.swift; sourceTree = "<group>"; };
		A310486923EA37C100BC045D /* MainWeatherStats.swift */ = {isa = PBXFileReference; lastKnownFileType = sourcecode.swift; path = MainWeatherStats.swift; sourceTree = "<group>"; };
		A310486C23EA39B100BC045D /* APIManager.swift */ = {isa = PBXFileReference; fileEncoding = 4; lastKnownFileType = sourcecode.swift; path = APIManager.swift; sourceTree = "<group>"; };
		A310486E23EA3A2600BC045D /* WeatherAPI.swift */ = {isa = PBXFileReference; lastKnownFileType = sourcecode.swift; path = WeatherAPI.swift; sourceTree = "<group>"; };
		A310487023EA436A00BC045D /* MapMarker.swift */ = {isa = PBXFileReference; fileEncoding = 4; lastKnownFileType = sourcecode.swift; path = MapMarker.swift; sourceTree = "<group>"; };
		A310487323EA5A1A00BC045D /* MyExtensions.swift */ = {isa = PBXFileReference; lastKnownFileType = sourcecode.swift; path = MyExtensions.swift; sourceTree = "<group>"; };
		A310487523EA66E000BC045D /* City.swift */ = {isa = PBXFileReference; lastKnownFileType = sourcecode.swift; path = City.swift; sourceTree = "<group>"; };
/* End PBXFileReference section */

/* Begin PBXFrameworksBuildPhase section */
		A310484923EA228400BC045D /* Frameworks */ = {
			isa = PBXFrameworksBuildPhase;
			buildActionMask = 2147483647;
			files = (
				5A71E01BBC41E6508A38935F /* Pods_CitiesWeather.framework in Frameworks */,
			);
			runOnlyForDeploymentPostprocessing = 0;
		};
/* End PBXFrameworksBuildPhase section */

/* Begin PBXGroup section */
		A310484323EA228400BC045D = {
			isa = PBXGroup;
			children = (
				A310484E23EA228500BC045D /* CitiesWeather */,
				A310484D23EA228500BC045D /* Products */,
				B22378B20156A58769C5791D /* Pods */,
				F55293A4B34F5981B63B0E6D /* Frameworks */,
			);
			sourceTree = "<group>";
		};
		A310484D23EA228500BC045D /* Products */ = {
			isa = PBXGroup;
			children = (
				A310484C23EA228500BC045D /* CitiesWeather.app */,
			);
			name = Products;
			sourceTree = "<group>";
		};
		A310484E23EA228500BC045D /* CitiesWeather */ = {
			isa = PBXGroup;
			children = (
				A310485D23EA228900BC045D /* Info.plist */,
				A310487923EA712A00BC045D /* Assets */,
				A310487823EA711800BC045D /* View */,
				A310487723EA70FC00BC045D /* Project Files */,
				A310487223EA4E6200BC045D /* Helper */,
				A310486B23EA383D00BC045D /* API */,
				A310486623EA35F100BC045D /* Model */,
				A310486323EA31F100BC045D /* ViewControllers */,
			);
			path = CitiesWeather;
			sourceTree = "<group>";
		};
		A310486323EA31F100BC045D /* ViewControllers */ = {
			isa = PBXGroup;
			children = (
				A310486423EA320300BC045D /* MainViewController.swift */,
			);
			path = ViewControllers;
			sourceTree = "<group>";
		};
		A310486623EA35F100BC045D /* Model */ = {
			isa = PBXGroup;
			children = (
				A310487023EA436A00BC045D /* MapMarker.swift */,
				A310486723EA379500BC045D /* Weather.swift */,
				A310486923EA37C100BC045D /* MainWeatherStats.swift */,
				A310487523EA66E000BC045D /* City.swift */,
			);
			path = Model;
			sourceTree = "<group>";
		};
		A310486B23EA383D00BC045D /* API */ = {
			isa = PBXGroup;
			children = (
				A310486C23EA39B100BC045D /* APIManager.swift */,
				A310486E23EA3A2600BC045D /* WeatherAPI.swift */,
			);
			path = API;
			sourceTree = "<group>";
		};
		A310487223EA4E6200BC045D /* Helper */ = {
			isa = PBXGroup;
			children = (
				A310487323EA5A1A00BC045D /* MyExtensions.swift */,
			);
			path = Helper;
			sourceTree = "<group>";
		};
		A310487723EA70FC00BC045D /* Project Files */ = {
			isa = PBXGroup;
			children = (
				A310484F23EA228500BC045D /* AppDelegate.swift */,
				A310485123EA228500BC045D /* SceneDelegate.swift */,
			);
			path = "Project Files";
			sourceTree = "<group>";
		};
		A310487823EA711800BC045D /* View */ = {
			isa = PBXGroup;
			children = (
				A310485523EA228500BC045D /* Main.storyboard */,
				A310485A23EA228900BC045D /* LaunchScreen.storyboard */,
			);
			path = View;
			sourceTree = "<group>";
		};
		A310487923EA712A00BC045D /* Assets */ = {
			isa = PBXGroup;
			children = (
				A310485823EA228900BC045D /* Assets.xcassets */,
			);
			path = Assets;
			sourceTree = "<group>";
		};
		B22378B20156A58769C5791D /* Pods */ = {
			isa = PBXGroup;
			children = (
				75310621EE30431C54B4877B /* Pods-CitiesWeather.debug.xcconfig */,
				927FDE172CAEF2D30C4257A9 /* Pods-CitiesWeather.release.xcconfig */,
			);
			path = Pods;
			sourceTree = "<group>";
		};
		F55293A4B34F5981B63B0E6D /* Frameworks */ = {
			isa = PBXGroup;
			children = (
				3C8F2462D52B8EFC70283954 /* Pods_CitiesWeather.framework */,
			);
			name = Frameworks;
			sourceTree = "<group>";
		};
/* End PBXGroup section */

/* Begin PBXNativeTarget section */
		A310484B23EA228400BC045D /* CitiesWeather */ = {
			isa = PBXNativeTarget;
			buildConfigurationList = A310486023EA228900BC045D /* Build configuration list for PBXNativeTarget "CitiesWeather" */;
			buildPhases = (
				DD745674AD8C9A56CA193242 /* [CP] Check Pods Manifest.lock */,
				A310484823EA228400BC045D /* Sources */,
				A310484923EA228400BC045D /* Frameworks */,
				A310484A23EA228400BC045D /* Resources */,
				FC5B25C6AA6A4F5540BB9946 /* [CP] Embed Pods Frameworks */,
			);
			buildRules = (
			);
			dependencies = (
			);
			name = CitiesWeather;
			productName = CitiesWeather;
			productReference = A310484C23EA228500BC045D /* CitiesWeather.app */;
			productType = "com.apple.product-type.application";
		};
/* End PBXNativeTarget section */

/* Begin PBXProject section */
		A310484423EA228400BC045D /* Project object */ = {
			isa = PBXProject;
			attributes = {
				LastSwiftUpdateCheck = 1130;
				LastUpgradeCheck = 1130;
				ORGANIZATIONNAME = "Abraham Escamilla Pinelo";
				TargetAttributes = {
					A310484B23EA228400BC045D = {
						CreatedOnToolsVersion = 11.3.1;
					};
				};
			};
			buildConfigurationList = A310484723EA228400BC045D /* Build configuration list for PBXProject "CitiesWeather" */;
			compatibilityVersion = "Xcode 9.3";
			developmentRegion = en;
			hasScannedForEncodings = 0;
			knownRegions = (
				en,
				Base,
			);
			mainGroup = A310484323EA228400BC045D;
			productRefGroup = A310484D23EA228500BC045D /* Products */;
			projectDirPath = "";
			projectRoot = "";
			targets = (
				A310484B23EA228400BC045D /* CitiesWeather */,
			);
		};
/* End PBXProject section */

/* Begin PBXResourcesBuildPhase section */
		A310484A23EA228400BC045D /* Resources */ = {
			isa = PBXResourcesBuildPhase;
			buildActionMask = 2147483647;
			files = (
				A310485C23EA228900BC045D /* LaunchScreen.storyboard in Resources */,
				A310485923EA228900BC045D /* Assets.xcassets in Resources */,
				A310485723EA228500BC045D /* Main.storyboard in Resources */,
			);
			runOnlyForDeploymentPostprocessing = 0;
		};
/* End PBXResourcesBuildPhase section */

/* Begin PBXShellScriptBuildPhase section */
		DD745674AD8C9A56CA193242 /* [CP] Check Pods Manifest.lock */ = {
			isa = PBXShellScriptBuildPhase;
			buildActionMask = 2147483647;
			files = (
			);
			inputFileListPaths = (
			);
			inputPaths = (
				"${PODS_PODFILE_DIR_PATH}/Podfile.lock",
				"${PODS_ROOT}/Manifest.lock",
			);
			name = "[CP] Check Pods Manifest.lock";
			outputFileListPaths = (
			);
			outputPaths = (
				"$(DERIVED_FILE_DIR)/Pods-CitiesWeather-checkManifestLockResult.txt",
			);
			runOnlyForDeploymentPostprocessing = 0;
			shellPath = /bin/sh;
			shellScript = "diff \"${PODS_PODFILE_DIR_PATH}/Podfile.lock\" \"${PODS_ROOT}/Manifest.lock\" > /dev/null\nif [ $? != 0 ] ; then\n    # print error to STDERR\n    echo \"error: The sandbox is not in sync with the Podfile.lock. Run 'pod install' or update your CocoaPods installation.\" >&2\n    exit 1\nfi\n# This output is used by Xcode 'outputs' to avoid re-running this script phase.\necho \"SUCCESS\" > \"${SCRIPT_OUTPUT_FILE_0}\"\n";
			showEnvVarsInLog = 0;
		};
		FC5B25C6AA6A4F5540BB9946 /* [CP] Embed Pods Frameworks */ = {
			isa = PBXShellScriptBuildPhase;
			buildActionMask = 2147483647;
			files = (
			);
			inputFileListPaths = (
				"${PODS_ROOT}/Target Support Files/Pods-CitiesWeather/Pods-CitiesWeather-frameworks-${CONFIGURATION}-input-files.xcfilelist",
			);
			name = "[CP] Embed Pods Frameworks";
			outputFileListPaths = (
				"${PODS_ROOT}/Target Support Files/Pods-CitiesWeather/Pods-CitiesWeather-frameworks-${CONFIGURATION}-output-files.xcfilelist",
			);
			runOnlyForDeploymentPostprocessing = 0;
			shellPath = /bin/sh;
			shellScript = "\"${PODS_ROOT}/Target Support Files/Pods-CitiesWeather/Pods-CitiesWeather-frameworks.sh\"\n";
			showEnvVarsInLog = 0;
		};
/* End PBXShellScriptBuildPhase section */

/* Begin PBXSourcesBuildPhase section */
		A310484823EA228400BC045D /* Sources */ = {
			isa = PBXSourcesBuildPhase;
			buildActionMask = 2147483647;
			files = (
				A310486D23EA39B100BC045D /* APIManager.swift in Sources */,
				A310486F23EA3A2600BC045D /* WeatherAPI.swift in Sources */,
				A310487123EA436A00BC045D /* MapMarker.swift in Sources */,
				A310486823EA379500BC045D /* Weather.swift in Sources */,
				A310486523EA320300BC045D /* MainViewController.swift in Sources */,
				A310485023EA228500BC045D /* AppDelegate.swift in Sources */,
				A310487623EA66E000BC045D /* City.swift in Sources */,
				A310487423EA5A1A00BC045D /* MyExtensions.swift in Sources */,
				A310486A23EA37C100BC045D /* MainWeatherStats.swift in Sources */,
				A310485223EA228500BC045D /* SceneDelegate.swift in Sources */,
			);
			runOnlyForDeploymentPostprocessing = 0;
		};
/* End PBXSourcesBuildPhase section */

/* Begin PBXVariantGroup section */
		A310485523EA228500BC045D /* Main.storyboard */ = {
			isa = PBXVariantGroup;
			children = (
				A310485623EA228500BC045D /* Base */,
			);
			name = Main.storyboard;
			sourceTree = "<group>";
		};
		A310485A23EA228900BC045D /* LaunchScreen.storyboard */ = {
			isa = PBXVariantGroup;
			children = (
				A310485B23EA228900BC045D /* Base */,
			);
			name = LaunchScreen.storyboard;
			sourceTree = "<group>";
		};
/* End PBXVariantGroup section */

/* Begin XCBuildConfiguration section */
		A310485E23EA228900BC045D /* Debug */ = {
			isa = XCBuildConfiguration;
			buildSettings = {
				ALWAYS_SEARCH_USER_PATHS = NO;
				CLANG_ANALYZER_NONNULL = YES;
				CLANG_ANALYZER_NUMBER_OBJECT_CONVERSION = YES_AGGRESSIVE;
				CLANG_CXX_LANGUAGE_STANDARD = "gnu++14";
				CLANG_CXX_LIBRARY = "libc++";
				CLANG_ENABLE_MODULES = YES;
				CLANG_ENABLE_OBJC_ARC = YES;
				CLANG_ENABLE_OBJC_WEAK = YES;
				CLANG_WARN_BLOCK_CAPTURE_AUTORELEASING = YES;
				CLANG_WARN_BOOL_CONVERSION = YES;
				CLANG_WARN_COMMA = YES;
				CLANG_WARN_CONSTANT_CONVERSION = YES;
				CLANG_WARN_DEPRECATED_OBJC_IMPLEMENTATIONS = YES;
				CLANG_WARN_DIRECT_OBJC_ISA_USAGE = YES_ERROR;
				CLANG_WARN_DOCUMENTATION_COMMENTS = YES;
				CLANG_WARN_EMPTY_BODY = YES;
				CLANG_WARN_ENUM_CONVERSION = YES;
				CLANG_WARN_INFINITE_RECURSION = YES;
				CLANG_WARN_INT_CONVERSION = YES;
				CLANG_WARN_NON_LITERAL_NULL_CONVERSION = YES;
				CLANG_WARN_OBJC_IMPLICIT_RETAIN_SELF = YES;
				CLANG_WARN_OBJC_LITERAL_CONVERSION = YES;
				CLANG_WARN_OBJC_ROOT_CLASS = YES_ERROR;
				CLANG_WARN_RANGE_LOOP_ANALYSIS = YES;
				CLANG_WARN_STRICT_PROTOTYPES = YES;
				CLANG_WARN_SUSPICIOUS_MOVE = YES;
				CLANG_WARN_UNGUARDED_AVAILABILITY = YES_AGGRESSIVE;
				CLANG_WARN_UNREACHABLE_CODE = YES;
				CLANG_WARN__DUPLICATE_METHOD_MATCH = YES;
				COPY_PHASE_STRIP = NO;
				DEBUG_INFORMATION_FORMAT = dwarf;
				ENABLE_STRICT_OBJC_MSGSEND = YES;
				ENABLE_TESTABILITY = YES;
				GCC_C_LANGUAGE_STANDARD = gnu11;
				GCC_DYNAMIC_NO_PIC = NO;
				GCC_NO_COMMON_BLOCKS = YES;
				GCC_OPTIMIZATION_LEVEL = 0;
				GCC_PREPROCESSOR_DEFINITIONS = (
					"DEBUG=1",
					"$(inherited)",
				);
				GCC_WARN_64_TO_32_BIT_CONVERSION = YES;
				GCC_WARN_ABOUT_RETURN_TYPE = YES_ERROR;
				GCC_WARN_UNDECLARED_SELECTOR = YES;
				GCC_WARN_UNINITIALIZED_AUTOS = YES_AGGRESSIVE;
				GCC_WARN_UNUSED_FUNCTION = YES;
				GCC_WARN_UNUSED_VARIABLE = YES;
				IPHONEOS_DEPLOYMENT_TARGET = 13.2;
				MTL_ENABLE_DEBUG_INFO = INCLUDE_SOURCE;
				MTL_FAST_MATH = YES;
				ONLY_ACTIVE_ARCH = YES;
				SDKROOT = iphoneos;
				SWIFT_ACTIVE_COMPILATION_CONDITIONS = DEBUG;
				SWIFT_OPTIMIZATION_LEVEL = "-Onone";
			};
			name = Debug;
		};
		A310485F23EA228900BC045D /* Release */ = {
			isa = XCBuildConfiguration;
			buildSettings = {
				ALWAYS_SEARCH_USER_PATHS = NO;
				CLANG_ANALYZER_NONNULL = YES;
				CLANG_ANALYZER_NUMBER_OBJECT_CONVERSION = YES_AGGRESSIVE;
				CLANG_CXX_LANGUAGE_STANDARD = "gnu++14";
				CLANG_CXX_LIBRARY = "libc++";
				CLANG_ENABLE_MODULES = YES;
				CLANG_ENABLE_OBJC_ARC = YES;
				CLANG_ENABLE_OBJC_WEAK = YES;
				CLANG_WARN_BLOCK_CAPTURE_AUTORELEASING = YES;
				CLANG_WARN_BOOL_CONVERSION = YES;
				CLANG_WARN_COMMA = YES;
				CLANG_WARN_CONSTANT_CONVERSION = YES;
				CLANG_WARN_DEPRECATED_OBJC_IMPLEMENTATIONS = YES;
				CLANG_WARN_DIRECT_OBJC_ISA_USAGE = YES_ERROR;
				CLANG_WARN_DOCUMENTATION_COMMENTS = YES;
				CLANG_WARN_EMPTY_BODY = YES;
				CLANG_WARN_ENUM_CONVERSION = YES;
				CLANG_WARN_INFINITE_RECURSION = YES;
				CLANG_WARN_INT_CONVERSION = YES;
				CLANG_WARN_NON_LITERAL_NULL_CONVERSION = YES;
				CLANG_WARN_OBJC_IMPLICIT_RETAIN_SELF = YES;
				CLANG_WARN_OBJC_LITERAL_CONVERSION = YES;
				CLANG_WARN_OBJC_ROOT_CLASS = YES_ERROR;
				CLANG_WARN_RANGE_LOOP_ANALYSIS = YES;
				CLANG_WARN_STRICT_PROTOTYPES = YES;
				CLANG_WARN_SUSPICIOUS_MOVE = YES;
				CLANG_WARN_UNGUARDED_AVAILABILITY = YES_AGGRESSIVE;
				CLANG_WARN_UNREACHABLE_CODE = YES;
				CLANG_WARN__DUPLICATE_METHOD_MATCH = YES;
				COPY_PHASE_STRIP = NO;
				DEBUG_INFORMATION_FORMAT = "dwarf-with-dsym";
				ENABLE_NS_ASSERTIONS = NO;
				ENABLE_STRICT_OBJC_MSGSEND = YES;
				GCC_C_LANGUAGE_STANDARD = gnu11;
				GCC_NO_COMMON_BLOCKS = YES;
				GCC_WARN_64_TO_32_BIT_CONVERSION = YES;
				GCC_WARN_ABOUT_RETURN_TYPE = YES_ERROR;
				GCC_WARN_UNDECLARED_SELECTOR = YES;
				GCC_WARN_UNINITIALIZED_AUTOS = YES_AGGRESSIVE;
				GCC_WARN_UNUSED_FUNCTION = YES;
				GCC_WARN_UNUSED_VARIABLE = YES;
				IPHONEOS_DEPLOYMENT_TARGET = 13.2;
				MTL_ENABLE_DEBUG_INFO = NO;
				MTL_FAST_MATH = YES;
				SDKROOT = iphoneos;
				SWIFT_COMPILATION_MODE = wholemodule;
				SWIFT_OPTIMIZATION_LEVEL = "-O";
				VALIDATE_PRODUCT = YES;
			};
			name = Release;
		};
		A310486123EA228900BC045D /* Debug */ = {
			isa = XCBuildConfiguration;
			baseConfigurationReference = 75310621EE30431C54B4877B /* Pods-CitiesWeather.debug.xcconfig */;
			buildSettings = {
				ASSETCATALOG_COMPILER_APPICON_NAME = AppIcon;
				CODE_SIGN_STYLE = Automatic;
				DEVELOPMENT_TEAM = 3ZMSM9ALSB;
				INFOPLIST_FILE = CitiesWeather/Info.plist;
				IPHONEOS_DEPLOYMENT_TARGET = 13.0;
				LD_RUNPATH_SEARCH_PATHS = (
					"$(inherited)",
					"@executable_path/Frameworks",
				);
				PRODUCT_BUNDLE_IDENTIFIER = com.aep.CitiesWeather;
				PRODUCT_NAME = "$(TARGET_NAME)";
				SWIFT_VERSION = 5.0;
				TARGETED_DEVICE_FAMILY = 1;
			};
			name = Debug;
		};
		A310486223EA228900BC045D /* Release */ = {
			isa = XCBuildConfiguration;
			baseConfigurationReference = 927FDE172CAEF2D30C4257A9 /* Pods-CitiesWeather.release.xcconfig */;
			buildSettings = {
				ASSETCATALOG_COMPILER_APPICON_NAME = AppIcon;
				CODE_SIGN_STYLE = Automatic;
				DEVELOPMENT_TEAM = 3ZMSM9ALSB;
				INFOPLIST_FILE = CitiesWeather/Info.plist;
				IPHONEOS_DEPLOYMENT_TARGET = 13.0;
				LD_RUNPATH_SEARCH_PATHS = (
					"$(inherited)",
					"@executable_path/Frameworks",
				);
				PRODUCT_BUNDLE_IDENTIFIER = com.aep.CitiesWeather;
				PRODUCT_NAME = "$(TARGET_NAME)";
				SWIFT_VERSION = 5.0;
				TARGETED_DEVICE_FAMILY = 1;
			};
			name = Release;
		};
/* End XCBuildConfiguration section */

/* Begin XCConfigurationList section */
		A310484723EA228400BC045D /* Build configuration list for PBXProject "CitiesWeather" */ = {
			isa = XCConfigurationList;
			buildConfigurations = (
				A310485E23EA228900BC045D /* Debug */,
				A310485F23EA228900BC045D /* Release */,
			);
			defaultConfigurationIsVisible = 0;
			defaultConfigurationName = Release;
		};
		A310486023EA228900BC045D /* Build configuration list for PBXNativeTarget "CitiesWeather" */ = {
			isa = XCConfigurationList;
			buildConfigurations = (
				A310486123EA228900BC045D /* Debug */,
				A310486223EA228900BC045D /* Release */,
			);
			defaultConfigurationIsVisible = 0;
			defaultConfigurationName = Release;
		};
/* End XCConfigurationList section */
	};
	rootObject = A310484423EA228400BC045D /* Project object */;
}
